
Microsoft Visual Studio Solution File, Format Version 12.00
Project("{FAE04EC0-301F-11D3-BF4B-00C04F79EFBC}") = "Awesome-dotnet-application", "Awesome-dotnet-application\Awesome-dotnet-application.csproj", "{866D0953-0120-4F78-9DD2-FDFA987A04D7}"
EndProject
Global
	GlobalSection(SolutionConfigurationPlatforms) = preSolution
		Debug|Any CPU = Debug|Any CPU
		Release|Any CPU = Release|Any CPU
	EndGlobalSection
	GlobalSection(ProjectConfigurationPlatforms) = postSolution
		{866D0953-0120-4F78-9DD2-FDFA987A04D7}.Debug|Any CPU.ActiveCfg = Debug|Any CPU
		{866D0953-0120-4F78-9DD2-FDFA987A04D7}.Debug|Any CPU.Build.0 = Debug|Any CPU
		{866D0953-0120-4F78-9DD2-FDFA987A04D7}.Release|Any CPU.ActiveCfg = Release|Any CPU
		{866D0953-0120-4F78-9DD2-FDFA987A04D7}.Release|Any CPU.Build.0 = Release|Any CPU
	EndGlobalSection
EndGlobal
